{
  "name": "ai-content-creator",
  "version": "1.0.0",
  "lockfileVersion": 3,
  "requires": true,
  "packages": {
    "": {
      "name": "ai-content-creator",
      "version": "1.0.0",
      "dependencies": {
        "firebase-tools": "^12.5.2"
      },
      "engines": {
        "node": "16.x",
        "npm": "8.x"
      }
    },
    "node_modules/firebase-tools": {
      "version": "12.5.2",
      "resolved": "https://registry.npmjs.org/firebase-tools/-/firebase-tools-12.5.2.tgz",
      "integrity": "sha512-H/YJxY3Gg8YUa9X+XBCzS1H2KpIUAyR8FrENvOcw+P6YvVQrZQQ8w2RUixQA/bXzM5AjY0mqLVOLJZWxIlk6w=="
    }
  }
}