{
  "name": "ai-content-creator",
  "version": "1.0.0",
  "lockfileVersion": 3,
  "requires": true,
  "packages": {
    "": {
      "name": "ai-content-creator",
      "version": "1.0.0",
      "dependencies": {
        "firebase-tools": "^12.5.2"
      }
    },
    "node_modules/firebase-tools": {
      "version": "12.5.2",
      "resolved": "https://registry.npmjs.org/firebase-tools/-/firebase-tools-12.5.2.tgz"
    }
  }
}